
Microsoft Visual Studio Solution File, Format Version 12.00
# Visual Studio 15
VisualStudioVersion = 15.0.26430.12
MinimumVisualStudioVersion = 10.0.40219.1
Project("{9A19103F-16F7-4668-BE54-9A1E7A4F7556}") = "HWC_UserApp", "HWC_UserApp\HWC_UserApp\HWC_UserApp.csproj", "{7AE7CBE5-319C-4F18-A2F0-19FC6A3EBC23}"
EndProject
Project("{FAE04EC0-301F-11D3-BF4B-00C04F79EFBC}") = "HWC_UserApp.Android", "HWC_UserApp\HWC_UserApp.Android\HWC_UserApp.Android.csproj", "{78D83CE7-BF75-4407-BCCC-762A17C06426}"
EndProject
Project("{FAE04EC0-301F-11D3-BF4B-00C04F79EFBC}") = "HWC_UserApp.UWP", "HWC_UserApp\HWC_UserApp.UWP\HWC_UserApp.UWP.csproj", "{C12E3C94-7D8D-415C-93A3-D5840CA8BA03}"
EndProject
Project("{FAE04EC0-301F-11D3-BF4B-00C04F79EFBC}") = "HWC_UserApp.iOS", "HWC_UserApp\HWC_UserApp.iOS\HWC_UserApp.iOS.csproj", "{4921AF17-4CF8-415F-A91A-14E38F9C5875}"
EndProject
Global
	GlobalSection(SolutionConfigurationPlatforms) = preSolution
		Ad-Hoc|Any CPU = Ad-Hoc|Any CPU
		Ad-Hoc|ARM = Ad-Hoc|ARM
		Ad-Hoc|iPhone = Ad-Hoc|iPhone
		Ad-Hoc|iPhoneSimulator = Ad-Hoc|iPhoneSimulator
		Ad-Hoc|x64 = Ad-Hoc|x64
		Ad-Hoc|x86 = Ad-Hoc|x86
		AppStore|Any CPU = AppStore|Any CPU
		AppStore|ARM = AppStore|ARM
		AppStore|iPhone = AppStore|iPhone
		AppStore|iPhoneSimulator = AppStore|iPhoneSimulator
		AppStore|x64 = AppStore|x64
		AppStore|x86 = AppStore|x86
		Debug|Any CPU = Debug|Any CPU
		Debug|ARM = Debug|ARM
		Debug|iPhone = Debug|iPhone
		Debug|iPhoneSimulator = Debug|iPhoneSimulator
		Debug|x64 = Debug|x64
		Debug|x86 = Debug|x86
		Release|Any CPU = Release|Any CPU
		Release|ARM = Release|ARM
		Release|iPhone = Release|iPhone
		Release|iPhoneSimulator = Release|iPhoneSimulator
		Release|x64 = Release|x64
		Release|x86 = Release|x86
	EndGlobalSection
	GlobalSection(ProjectConfigurationPlatforms) = postSolution
		{78D83CE7-BF75-4407-BCCC-762A17C06426}.Ad-Hoc|Any CPU.ActiveCfg = Release|Any CPU
		{78D83CE7-BF75-4407-BCCC-762A17C06426}.Ad-Hoc|Any CPU.Build.0 = Release|Any CPU
		{78D83CE7-BF75-4407-BCCC-762A17C06426}.Ad-Hoc|Any CPU.Deploy.0 = Release|Any CPU
		{78D83CE7-BF75-4407-BCCC-762A17C06426}.Ad-Hoc|ARM.ActiveCfg = Release|Any CPU
		{78D83CE7-BF75-4407-BCCC-762A17C06426}.Ad-Hoc|ARM.Build.0 = Release|Any CPU
		{78D83CE7-BF75-4407-BCCC-762A17C06426}.Ad-Hoc|ARM.Deploy.0 = Release|Any CPU
		{78D83CE7-BF75-4407-BCCC-762A17C06426}.Ad-Hoc|iPhone.ActiveCfg = Release|Any CPU
		{78D83CE7-BF75-4407-BCCC-762A17C06426}.Ad-Hoc|iPhone.Build.0 = Release|Any CPU
		{78D83CE7-BF75-4407-BCCC-762A17C06426}.Ad-Hoc|iPhone.Deploy.0 = Release|Any CPU
		{78D83CE7-BF75-4407-BCCC-762A17C06426}.Ad-Hoc|iPhoneSimulator.ActiveCfg = Release|Any CPU
		{78D83CE7-BF75-4407-BCCC-762A17C06426}.Ad-Hoc|iPhoneSimulator.Build.0 = Release|Any CPU
		{78D83CE7-BF75-4407-BCCC-762A17C06426}.Ad-Hoc|iPhoneSimulator.Deploy.0 = Release|Any CPU
		{78D83CE7-BF75-4407-BCCC-762A17C06426}.Ad-Hoc|x64.ActiveCfg = Release|Any CPU
		{78D83CE7-BF75-4407-BCCC-762A17C06426}.Ad-Hoc|x64.Build.0 = Release|Any CPU
		{78D83CE7-BF75-4407-BCCC-762A17C06426}.Ad-Hoc|x64.Deploy.0 = Release|Any CPU
		{78D83CE7-BF75-4407-BCCC-762A17C06426}.Ad-Hoc|x86.ActiveCfg = Release|Any CPU
		{78D83CE7-BF75-4407-BCCC-762A17C06426}.Ad-Hoc|x86.Build.0 = Release|Any CPU
		{78D83CE7-BF75-4407-BCCC-762A17C06426}.Ad-Hoc|x86.Deploy.0 = Release|Any CPU
		{78D83CE7-BF75-4407-BCCC-762A17C06426}.AppStore|Any CPU.ActiveCfg = Release|Any CPU
		{78D83CE7-BF75-4407-BCCC-762A17C06426}.AppStore|Any CPU.Build.0 = Release|Any CPU
		{78D83CE7-BF75-4407-BCCC-762A17C06426}.AppStore|Any CPU.Deploy.0 = Release|Any CPU
		{78D83CE7-BF75-4407-BCCC-762A17C06426}.AppStore|ARM.ActiveCfg = Release|Any CPU
		{78D83CE7-BF75-4407-BCCC-762A17C06426}.AppStore|ARM.Build.0 = Release|Any CPU
		{78D83CE7-BF75-4407-BCCC-762A17C06426}.AppStore|ARM.Deploy.0 = Release|Any CPU
		{78D83CE7-BF75-4407-BCCC-762A17C06426}.AppStore|iPhone.ActiveCfg = Release|Any CPU
		{78D83CE7-BF75-4407-BCCC-762A17C06426}.AppStore|iPhone.Build.0 = Release|Any CPU
		{78D83CE7-BF75-4407-BCCC-762A17C06426}.AppStore|iPhone.Deploy.0 = Release|Any CPU
		{78D83CE7-BF75-4407-BCCC-762A17C06426}.AppStore|iPhoneSimulator.ActiveCfg = Release|Any CPU
		{78D83CE7-BF75-4407-BCCC-762A17C06426}.AppStore|iPhoneSimulator.Build.0 = Release|Any CPU
		{78D83CE7-BF75-4407-BCCC-762A17C06426}.AppStore|iPhoneSimulator.Deploy.0 = Release|Any CPU
		{78D83CE7-BF75-4407-BCCC-762A17C06426}.AppStore|x64.ActiveCfg = Release|Any CPU
		{78D83CE7-BF75-4407-BCCC-762A17C06426}.AppStore|x64.Build.0 = Release|Any CPU
		{78D83CE7-BF75-4407-BCCC-762A17C06426}.AppStore|x64.Deploy.0 = Release|Any CPU
		{78D83CE7-BF75-4407-BCCC-762A17C06426}.AppStore|x86.ActiveCfg = Release|Any CPU
		{78D83CE7-BF75-4407-BCCC-762A17C06426}.AppStore|x86.Build.0 = Release|Any CPU
		{78D83CE7-BF75-4407-BCCC-762A17C06426}.AppStore|x86.Deploy.0 = Release|Any CPU
		{78D83CE7-BF75-4407-BCCC-762A17C06426}.Debug|Any CPU.ActiveCfg = Debug|Any CPU
		{78D83CE7-BF75-4407-BCCC-762A17C06426}.Debug|Any CPU.Build.0 = Debug|Any CPU
		{78D83CE7-BF75-4407-BCCC-762A17C06426}.Debug|Any CPU.Deploy.0 = Debug|Any CPU
		{78D83CE7-BF75-4407-BCCC-762A17C06426}.Debug|ARM.ActiveCfg = Debug|Any CPU
		{78D83CE7-BF75-4407-BCCC-762A17C06426}.Debug|ARM.Build.0 = Debug|Any CPU
		{78D83CE7-BF75-4407-BCCC-762A17C06426}.Debug|ARM.Deploy.0 = Debug|Any CPU
		{78D83CE7-BF75-4407-BCCC-762A17C06426}.Debug|iPhone.ActiveCfg = Debug|Any CPU
		{78D83CE7-BF75-4407-BCCC-762A17C06426}.Debug|iPhone.Build.0 = Debug|Any CPU
		{78D83CE7-BF75-4407-BCCC-762A17C06426}.Debug|iPhone.Deploy.0 = Debug|Any CPU
		{78D83CE7-BF75-4407-BCCC-762A17C06426}.Debug|iPhoneSimulator.ActiveCfg = Debug|Any CPU
		{78D83CE7-BF75-4407-BCCC-762A17C06426}.Debug|iPhoneSimulator.Build.0 = Debug|Any CPU
		{78D83CE7-BF75-4407-BCCC-762A17C06426}.Debug|iPhoneSimulator.Deploy.0 = Debug|Any CPU
		{78D83CE7-BF75-4407-BCCC-762A17C06426}.Debug|x64.ActiveCfg = Debug|Any CPU
		{78D83CE7-BF75-4407-BCCC-762A17C06426}.Debug|x64.Build.0 = Debug|Any CPU
		{78D83CE7-BF75-4407-BCCC-762A17C06426}.Debug|x64.Deploy.0 = Debug|Any CPU
		{78D83CE7-BF75-4407-BCCC-762A17C06426}.Debug|x86.ActiveCfg = Debug|Any CPU
		{78D83CE7-BF75-4407-BCCC-762A17C06426}.Debug|x86.Build.0 = Debug|Any CPU
		{78D83CE7-BF75-4407-BCCC-762A17C06426}.Debug|x86.Deploy.0 = Debug|Any CPU
		{78D83CE7-BF75-4407-BCCC-762A17C06426}.Release|Any CPU.ActiveCfg = Release|Any CPU
		{78D83CE7-BF75-4407-BCCC-762A17C06426}.Release|Any CPU.Build.0 = Release|Any CPU
		{78D83CE7-BF75-4407-BCCC-762A17C06426}.Release|Any CPU.Deploy.0 = Release|Any CPU
		{78D83CE7-BF75-4407-BCCC-762A17C06426}.Release|ARM.ActiveCfg = Release|Any CPU
		{78D83CE7-BF75-4407-BCCC-762A17C06426}.Release|ARM.Build.0 = Release|Any CPU
		{78D83CE7-BF75-4407-BCCC-762A17C06426}.Release|ARM.Deploy.0 = Release|Any CPU
		{78D83CE7-BF75-4407-BCCC-762A17C06426}.Release|iPhone.ActiveCfg = Release|Any CPU
		{78D83CE7-BF75-4407-BCCC-762A17C06426}.Release|iPhone.Build.0 = Release|Any CPU
		{78D83CE7-BF75-4407-BCCC-762A17C06426}.Release|iPhone.Deploy.0 = Release|Any CPU
		{78D83CE7-BF75-4407-BCCC-762A17C06426}.Release|iPhoneSimulator.ActiveCfg = Release|Any CPU
		{78D83CE7-BF75-4407-BCCC-762A17C06426}.Release|iPhoneSimulator.Build.0 = Release|Any CPU
		{78D83CE7-BF75-4407-BCCC-762A17C06426}.Release|iPhoneSimulator.Deploy.0 = Release|Any CPU
		{78D83CE7-BF75-4407-BCCC-762A17C06426}.Release|x64.ActiveCfg = Release|Any CPU
		{78D83CE7-BF75-4407-BCCC-762A17C06426}.Release|x64.Build.0 = Release|Any CPU
		{78D83CE7-BF75-4407-BCCC-762A17C06426}.Release|x64.Deploy.0 = Release|Any CPU
		{78D83CE7-BF75-4407-BCCC-762A17C06426}.Release|x86.ActiveCfg = Release|Any CPU
		{78D83CE7-BF75-4407-BCCC-762A17C06426}.Release|x86.Build.0 = Release|Any CPU
		{78D83CE7-BF75-4407-BCCC-762A17C06426}.Release|x86.Deploy.0 = Release|Any CPU
		{C12E3C94-7D8D-415C-93A3-D5840CA8BA03}.Ad-Hoc|Any CPU.ActiveCfg = Release|x86
		{C12E3C94-7D8D-415C-93A3-D5840CA8BA03}.Ad-Hoc|Any CPU.Build.0 = Release|x86
		{C12E3C94-7D8D-415C-93A3-D5840CA8BA03}.Ad-Hoc|Any CPU.Deploy.0 = Release|x86
		{C12E3C94-7D8D-415C-93A3-D5840CA8BA03}.Ad-Hoc|ARM.ActiveCfg = Release|ARM
		{C12E3C94-7D8D-415C-93A3-D5840CA8BA03}.Ad-Hoc|ARM.Build.0 = Release|ARM
		{C12E3C94-7D8D-415C-93A3-D5840CA8BA03}.Ad-Hoc|ARM.Deploy.0 = Release|ARM
		{C12E3C94-7D8D-415C-93A3-D5840CA8BA03}.Ad-Hoc|iPhone.ActiveCfg = Release|x86
		{C12E3C94-7D8D-415C-93A3-D5840CA8BA03}.Ad-Hoc|iPhone.Build.0 = Release|x86
		{C12E3C94-7D8D-415C-93A3-D5840CA8BA03}.Ad-Hoc|iPhone.Deploy.0 = Release|x86
		{C12E3C94-7D8D-415C-93A3-D5840CA8BA03}.Ad-Hoc|iPhoneSimulator.ActiveCfg = Release|x86
		{C12E3C94-7D8D-415C-93A3-D5840CA8BA03}.Ad-Hoc|iPhoneSimulator.Build.0 = Release|x86
		{C12E3C94-7D8D-415C-93A3-D5840CA8BA03}.Ad-Hoc|iPhoneSimulator.Deploy.0 = Release|x86
		{C12E3C94-7D8D-415C-93A3-D5840CA8BA03}.Ad-Hoc|x64.ActiveCfg = Release|x64
		{C12E3C94-7D8D-415C-93A3-D5840CA8BA03}.Ad-Hoc|x64.Build.0 = Release|x64
		{C12E3C94-7D8D-415C-93A3-D5840CA8BA03}.Ad-Hoc|x64.Deploy.0 = Release|x64
		{C12E3C94-7D8D-415C-93A3-D5840CA8BA03}.Ad-Hoc|x86.ActiveCfg = Release|x86
		{C12E3C94-7D8D-415C-93A3-D5840CA8BA03}.Ad-Hoc|x86.Build.0 = Release|x86
		{C12E3C94-7D8D-415C-93A3-D5840CA8BA03}.Ad-Hoc|x86.Deploy.0 = Release|x86
		{C12E3C94-7D8D-415C-93A3-D5840CA8BA03}.AppStore|Any CPU.ActiveCfg = Release|x86
		{C12E3C94-7D8D-415C-93A3-D5840CA8BA03}.AppStore|Any CPU.Build.0 = Release|x86
		{C12E3C94-7D8D-415C-93A3-D5840CA8BA03}.AppStore|Any CPU.Deploy.0 = Release|x86
		{C12E3C94-7D8D-415C-93A3-D5840CA8BA03}.AppStore|ARM.ActiveCfg = Release|ARM
		{C12E3C94-7D8D-415C-93A3-D5840CA8BA03}.AppStore|ARM.Build.0 = Release|ARM
		{C12E3C94-7D8D-415C-93A3-D5840CA8BA03}.AppStore|ARM.Deploy.0 = Release|ARM
		{C12E3C94-7D8D-415C-93A3-D5840CA8BA03}.AppStore|iPhone.ActiveCfg = Release|x86
		{C12E3C94-7D8D-415C-93A3-D5840CA8BA03}.AppStore|iPhone.Build.0 = Release|x86
		{C12E3C94-7D8D-415C-93A3-D5840CA8BA03}.AppStore|iPhone.Deploy.0 = Release|x86
		{C12E3C94-7D8D-415C-93A3-D5840CA8BA03}.AppStore|iPhoneSimulator.ActiveCfg = Release|x86
		{C12E3C94-7D8D-415C-93A3-D5840CA8BA03}.AppStore|iPhoneSimulator.Build.0 = Release|x86
		{C12E3C94-7D8D-415C-93A3-D5840CA8BA03}.AppStore|iPhoneSimulator.Deploy.0 = Release|x86
		{C12E3C94-7D8D-415C-93A3-D5840CA8BA03}.AppStore|x64.ActiveCfg = Release|x64
		{C12E3C94-7D8D-415C-93A3-D5840CA8BA03}.AppStore|x64.Build.0 = Release|x64
		{C12E3C94-7D8D-415C-93A3-D5840CA8BA03}.AppStore|x64.Deploy.0 = Release|x64
		{C12E3C94-7D8D-415C-93A3-D5840CA8BA03}.AppStore|x86.ActiveCfg = Release|x86
		{C12E3C94-7D8D-415C-93A3-D5840CA8BA03}.AppStore|x86.Build.0 = Release|x86
		{C12E3C94-7D8D-415C-93A3-D5840CA8BA03}.AppStore|x86.Deploy.0 = Release|x86
		{C12E3C94-7D8D-415C-93A3-D5840CA8BA03}.Debug|Any CPU.ActiveCfg = Debug|x86
		{C12E3C94-7D8D-415C-93A3-D5840CA8BA03}.Debug|ARM.ActiveCfg = Debug|ARM
		{C12E3C94-7D8D-415C-93A3-D5840CA8BA03}.Debug|ARM.Build.0 = Debug|ARM
		{C12E3C94-7D8D-415C-93A3-D5840CA8BA03}.Debug|ARM.Deploy.0 = Debug|ARM
		{C12E3C94-7D8D-415C-93A3-D5840CA8BA03}.Debug|iPhone.ActiveCfg = Debug|x86
		{C12E3C94-7D8D-415C-93A3-D5840CA8BA03}.Debug|iPhoneSimulator.ActiveCfg = Debug|x86
		{C12E3C94-7D8D-415C-93A3-D5840CA8BA03}.Debug|x64.ActiveCfg = Debug|x64
		{C12E3C94-7D8D-415C-93A3-D5840CA8BA03}.Debug|x64.Build.0 = Debug|x64
		{C12E3C94-7D8D-415C-93A3-D5840CA8BA03}.Debug|x64.Deploy.0 = Debug|x64
		{C12E3C94-7D8D-415C-93A3-D5840CA8BA03}.Debug|x86.ActiveCfg = Debug|x86
		{C12E3C94-7D8D-415C-93A3-D5840CA8BA03}.Debug|x86.Build.0 = Debug|x86
		{C12E3C94-7D8D-415C-93A3-D5840CA8BA03}.Debug|x86.Deploy.0 = Debug|x86
		{C12E3C94-7D8D-415C-93A3-D5840CA8BA03}.Release|Any CPU.ActiveCfg = Release|x86
		{C12E3C94-7D8D-415C-93A3-D5840CA8BA03}.Release|ARM.ActiveCfg = Release|ARM
		{C12E3C94-7D8D-415C-93A3-D5840CA8BA03}.Release|ARM.Build.0 = Release|ARM
		{C12E3C94-7D8D-415C-93A3-D5840CA8BA03}.Release|ARM.Deploy.0 = Release|ARM
		{C12E3C94-7D8D-415C-93A3-D5840CA8BA03}.Release|iPhone.ActiveCfg = Release|x86
		{C12E3C94-7D8D-415C-93A3-D5840CA8BA03}.Release|iPhoneSimulator.ActiveCfg = Release|x86
		{C12E3C94-7D8D-415C-93A3-D5840CA8BA03}.Release|x64.ActiveCfg = Release|x64
		{C12E3C94-7D8D-415C-93A3-D5840CA8BA03}.Release|x64.Build.0 = Release|x64
		{C12E3C94-7D8D-415C-93A3-D5840CA8BA03}.Release|x64.Deploy.0 = Release|x64
		{C12E3C94-7D8D-415C-93A3-D5840CA8BA03}.Release|x86.ActiveCfg = Release|x86
		{C12E3C94-7D8D-415C-93A3-D5840CA8BA03}.Release|x86.Build.0 = Release|x86
		{C12E3C94-7D8D-415C-93A3-D5840CA8BA03}.Release|x86.Deploy.0 = Release|x86
		{4921AF17-4CF8-415F-A91A-14E38F9C5875}.Ad-Hoc|Any CPU.ActiveCfg = Ad-Hoc|iPhone
		{4921AF17-4CF8-415F-A91A-14E38F9C5875}.Ad-Hoc|ARM.ActiveCfg = Ad-Hoc|iPhone
		{4921AF17-4CF8-415F-A91A-14E38F9C5875}.Ad-Hoc|iPhone.ActiveCfg = Ad-Hoc|iPhone
		{4921AF17-4CF8-415F-A91A-14E38F9C5875}.Ad-Hoc|iPhone.Build.0 = Ad-Hoc|iPhone
		{4921AF17-4CF8-415F-A91A-14E38F9C5875}.Ad-Hoc|iPhoneSimulator.ActiveCfg = Ad-Hoc|iPhoneSimulator
		{4921AF17-4CF8-415F-A91A-14E38F9C5875}.Ad-Hoc|iPhoneSimulator.Build.0 = Ad-Hoc|iPhoneSimulator
		{4921AF17-4CF8-415F-A91A-14E38F9C5875}.Ad-Hoc|x64.ActiveCfg = Ad-Hoc|iPhone
		{4921AF17-4CF8-415F-A91A-14E38F9C5875}.Ad-Hoc|x86.ActiveCfg = Ad-Hoc|iPhone
		{4921AF17-4CF8-415F-A91A-14E38F9C5875}.AppStore|Any CPU.ActiveCfg = AppStore|iPhone
		{4921AF17-4CF8-415F-A91A-14E38F9C5875}.AppStore|ARM.ActiveCfg = AppStore|iPhone
		{4921AF17-4CF8-415F-A91A-14E38F9C5875}.AppStore|iPhone.ActiveCfg = AppStore|iPhone
		{4921AF17-4CF8-415F-A91A-14E38F9C5875}.AppStore|iPhone.Build.0 = AppStore|iPhone
		{4921AF17-4CF8-415F-A91A-14E38F9C5875}.AppStore|iPhoneSimulator.ActiveCfg = AppStore|iPhoneSimulator
		{4921AF17-4CF8-415F-A91A-14E38F9C5875}.AppStore|iPhoneSimulator.Build.0 = AppStore|iPhoneSimulator
		{4921AF17-4CF8-415F-A91A-14E38F9C5875}.AppStore|x64.ActiveCfg = AppStore|iPhone
		{4921AF17-4CF8-415F-A91A-14E38F9C5875}.AppStore|x86.ActiveCfg = AppStore|iPhone
		{4921AF17-4CF8-415F-A91A-14E38F9C5875}.Debug|Any CPU.ActiveCfg = Debug|iPhone
		{4921AF17-4CF8-415F-A91A-14E38F9C5875}.Debug|ARM.ActiveCfg = Debug|iPhone
		{4921AF17-4CF8-415F-A91A-14E38F9C5875}.Debug|iPhone.ActiveCfg = Debug|iPhone
		{4921AF17-4CF8-415F-A91A-14E38F9C5875}.Debug|iPhone.Build.0 = Debug|iPhone
		{4921AF17-4CF8-415F-A91A-14E38F9C5875}.Debug|iPhoneSimulator.ActiveCfg = Debug|iPhoneSimulator
		{4921AF17-4CF8-415F-A91A-14E38F9C5875}.Debug|iPhoneSimulator.Build.0 = Debug|iPhoneSimulator
		{4921AF17-4CF8-415F-A91A-14E38F9C5875}.Debug|x64.ActiveCfg = Debug|iPhone
		{4921AF17-4CF8-415F-A91A-14E38F9C5875}.Debug|x86.ActiveCfg = Debug|iPhone
		{4921AF17-4CF8-415F-A91A-14E38F9C5875}.Release|Any CPU.ActiveCfg = Release|iPhone
		{4921AF17-4CF8-415F-A91A-14E38F9C5875}.Release|ARM.ActiveCfg = Release|iPhone
		{4921AF17-4CF8-415F-A91A-14E38F9C5875}.Release|iPhone.ActiveCfg = Release|iPhone
		{4921AF17-4CF8-415F-A91A-14E38F9C5875}.Release|iPhone.Build.0 = Release|iPhone
		{4921AF17-4CF8-415F-A91A-14E38F9C5875}.Release|iPhoneSimulator.ActiveCfg = Release|iPhoneSimulator
		{4921AF17-4CF8-415F-A91A-14E38F9C5875}.Release|iPhoneSimulator.Build.0 = Release|iPhoneSimulator
		{4921AF17-4CF8-415F-A91A-14E38F9C5875}.Release|x64.ActiveCfg = Release|iPhone
		{4921AF17-4CF8-415F-A91A-14E38F9C5875}.Release|x86.ActiveCfg = Release|iPhone
		{7AE7CBE5-319C-4F18-A2F0-19FC6A3EBC23}.Ad-Hoc|Any CPU.ActiveCfg = Debug|Any CPU
		{7AE7CBE5-319C-4F18-A2F0-19FC6A3EBC23}.Ad-Hoc|Any CPU.Build.0 = Debug|Any CPU
		{7AE7CBE5-319C-4F18-A2F0-19FC6A3EBC23}.Ad-Hoc|ARM.ActiveCfg = Debug|Any CPU
		{7AE7CBE5-319C-4F18-A2F0-19FC6A3EBC23}.Ad-Hoc|ARM.Build.0 = Debug|Any CPU
		{7AE7CBE5-319C-4F18-A2F0-19FC6A3EBC23}.Ad-Hoc|iPhone.ActiveCfg = Debug|Any CPU
		{7AE7CBE5-319C-4F18-A2F0-19FC6A3EBC23}.Ad-Hoc|iPhone.Build.0 = Debug|Any CPU
		{7AE7CBE5-319C-4F18-A2F0-19FC6A3EBC23}.Ad-Hoc|iPhoneSimulator.ActiveCfg = Debug|Any CPU
		{7AE7CBE5-319C-4F18-A2F0-19FC6A3EBC23}.Ad-Hoc|iPhoneSimulator.Build.0 = Debug|Any CPU
		{7AE7CBE5-319C-4F18-A2F0-19FC6A3EBC23}.Ad-Hoc|x64.ActiveCfg = Debug|Any CPU
		{7AE7CBE5-319C-4F18-A2F0-19FC6A3EBC23}.Ad-Hoc|x64.Build.0 = Debug|Any CPU
		{7AE7CBE5-319C-4F18-A2F0-19FC6A3EBC23}.Ad-Hoc|x86.ActiveCfg = Debug|Any CPU
		{7AE7CBE5-319C-4F18-A2F0-19FC6A3EBC23}.Ad-Hoc|x86.Build.0 = Debug|Any CPU
		{7AE7CBE5-319C-4F18-A2F0-19FC6A3EBC23}.AppStore|Any CPU.ActiveCfg = Debug|Any CPU
		{7AE7CBE5-319C-4F18-A2F0-19FC6A3EBC23}.AppStore|Any CPU.Build.0 = Debug|Any CPU
		{7AE7CBE5-319C-4F18-A2F0-19FC6A3EBC23}.AppStore|ARM.ActiveCfg = Debug|Any CPU
		{7AE7CBE5-319C-4F18-A2F0-19FC6A3EBC23}.AppStore|ARM.Build.0 = Debug|Any CPU
		{7AE7CBE5-319C-4F18-A2F0-19FC6A3EBC23}.AppStore|iPhone.ActiveCfg = Debug|Any CPU
		{7AE7CBE5-319C-4F18-A2F0-19FC6A3EBC23}.AppStore|iPhone.Build.0 = Debug|Any CPU
		{7AE7CBE5-319C-4F18-A2F0-19FC6A3EBC23}.AppStore|iPhoneSimulator.ActiveCfg = Debug|Any CPU
		{7AE7CBE5-319C-4F18-A2F0-19FC6A3EBC23}.AppStore|iPhoneSimulator.Build.0 = Debug|Any CPU
		{7AE7CBE5-319C-4F18-A2F0-19FC6A3EBC23}.AppStore|x64.ActiveCfg = Debug|Any CPU
		{7AE7CBE5-319C-4F18-A2F0-19FC6A3EBC23}.AppStore|x64.Build.0 = Debug|Any CPU
		{7AE7CBE5-319C-4F18-A2F0-19FC6A3EBC23}.AppStore|x86.ActiveCfg = Debug|Any CPU
		{7AE7CBE5-319C-4F18-A2F0-19FC6A3EBC23}.AppStore|x86.Build.0 = Debug|Any CPU
		{7AE7CBE5-319C-4F18-A2F0-19FC6A3EBC23}.Debug|Any CPU.ActiveCfg = Debug|Any CPU
		{7AE7CBE5-319C-4F18-A2F0-19FC6A3EBC23}.Debug|Any CPU.Build.0 = Debug|Any CPU
		{7AE7CBE5-319C-4F18-A2F0-19FC6A3EBC23}.Debug|ARM.ActiveCfg = Debug|Any CPU
		{7AE7CBE5-319C-4F18-A2F0-19FC6A3EBC23}.Debug|ARM.Build.0 = Debug|Any CPU
		{7AE7CBE5-319C-4F18-A2F0-19FC6A3EBC23}.Debug|iPhone.ActiveCfg = Debug|Any CPU
		{7AE7CBE5-319C-4F18-A2F0-19FC6A3EBC23}.Debug|iPhone.Build.0 = Debug|Any CPU
		{7AE7CBE5-319C-4F18-A2F0-19FC6A3EBC23}.Debug|iPhoneSimulator.ActiveCfg = Debug|Any CPU
		{7AE7CBE5-319C-4F18-A2F0-19FC6A3EBC23}.Debug|iPhoneSimulator.Build.0 = Debug|Any CPU
		{7AE7CBE5-319C-4F18-A2F0-19FC6A3EBC23}.Debug|x64.ActiveCfg = Debug|Any CPU
		{7AE7CBE5-319C-4F18-A2F0-19FC6A3EBC23}.Debug|x64.Build.0 = Debug|Any CPU
		{7AE7CBE5-319C-4F18-A2F0-19FC6A3EBC23}.Debug|x86.ActiveCfg = Debug|Any CPU
		{7AE7CBE5-319C-4F18-A2F0-19FC6A3EBC23}.Debug|x86.Build.0 = Debug|Any CPU
		{7AE7CBE5-319C-4F18-A2F0-19FC6A3EBC23}.Release|Any CPU.ActiveCfg = Release|Any CPU
		{7AE7CBE5-319C-4F18-A2F0-19FC6A3EBC23}.Release|Any CPU.Build.0 = Release|Any CPU
		{7AE7CBE5-319C-4F18-A2F0-19FC6A3EBC23}.Release|ARM.ActiveCfg = Release|Any CPU
		{7AE7CBE5-319C-4F18-A2F0-19FC6A3EBC23}.Release|ARM.Build.0 = Release|Any CPU
		{7AE7CBE5-319C-4F18-A2F0-19FC6A3EBC23}.Release|iPhone.ActiveCfg = Release|Any CPU
		{7AE7CBE5-319C-4F18-A2F0-19FC6A3EBC23}.Release|iPhone.Build.0 = Release|Any CPU
		{7AE7CBE5-319C-4F18-A2F0-19FC6A3EBC23}.Release|iPhoneSimulator.ActiveCfg = Release|Any CPU
		{7AE7CBE5-319C-4F18-A2F0-19FC6A3EBC23}.Release|iPhoneSimulator.Build.0 = Release|Any CPU
		{7AE7CBE5-319C-4F18-A2F0-19FC6A3EBC23}.Release|x64.ActiveCfg = Release|Any CPU
		{7AE7CBE5-319C-4F18-A2F0-19FC6A3EBC23}.Release|x64.Build.0 = Release|Any CPU
		{7AE7CBE5-319C-4F18-A2F0-19FC6A3EBC23}.Release|x86.ActiveCfg = Release|Any CPU
		{7AE7CBE5-319C-4F18-A2F0-19FC6A3EBC23}.Release|x86.Build.0 = Release|Any CPU
	EndGlobalSection
	GlobalSection(SolutionProperties) = preSolution
		HideSolutionNode = FALSE
	EndGlobalSection
EndGlobal
